Microsoft Visual Studio Solution File, Format Version 12.00
# Visual Studio Version 17
VisualStudioVersion = 17.5.2.0
MinimumVisualStudioVersion = 10.0.40219.1
Project("{FAE04EC0-301F-11D3-BF4B-00C04F79EFBC}") = "Pierwszy", "Pierwszy\Pierwszy.csproj", "{AFA7015E-C763-3CA0-9838-83A2A8E07133}"
EndProject
Global
	GlobalSection(SolutionConfigurationPlatforms) = preSolution
		Debug|Any CPU = Debug|Any CPU
		Release|Any CPU = Release|Any CPU
	EndGlobalSection
	GlobalSection(ProjectConfigurationPlatforms) = postSolution
		{AFA7015E-C763-3CA0-9838-83A2A8E07133}.Debug|Any CPU.ActiveCfg = Debug|Any CPU
		{AFA7015E-C763-3CA0-9838-83A2A8E07133}.Debug|Any CPU.Build.0 = Debug|Any CPU
		{AFA7015E-C763-3CA0-9838-83A2A8E07133}.Release|Any CPU.ActiveCfg = Release|Any CPU
		{AFA7015E-C763-3CA0-9838-83A2A8E07133}.Release|Any CPU.Build.0 = Release|Any CPU
	EndGlobalSection
	GlobalSection(SolutionProperties) = preSolution
		HideSolutionNode = FALSE
	EndGlobalSection
	GlobalSection(ExtensibilityGlobals) = postSolution
		SolutionGuid = {0B995693-E6BB-4852-A3BC-7E3CC40DC1D0}
	EndGlobalSection
EndGlobal
